{
  "name": "fixate-feathers-hooks",
  "version": "2.1.4",
  "lockfileVersion": 1,
  "requires": true,
  "dependencies": {
    "bcryptjs": {
      "version": "2.4.3",
      "resolved": "https://registry.npmjs.org/bcryptjs/-/bcryptjs-2.4.3.tgz",
      "integrity": "sha1-mrVie5PmBiH/fNrF2pczAn3x0Ms="
    },
    "deep-assign": {
      "version": "2.0.0",
      "resolved": "https://registry.npmjs.org/deep-assign/-/deep-assign-2.0.0.tgz",
      "integrity": "sha1-6+BrHwfwja5ZdiDj3RYi83GhxXI=",
      "requires": {
        "is-obj": "1.0.1"
      }
    },
    "is-obj": {
      "version": "1.0.1",
      "resolved": "https://registry.npmjs.org/is-obj/-/is-obj-1.0.1.tgz",
      "integrity": "sha1-PkcprB9f3gJc19g6iW2rn09n2w8="
    },
    "lodash": {
      "version": "4.17.5",
      "resolved": "https://registry.npmjs.org/lodash/-/lodash-4.17.5.tgz",
      "integrity": "sha512-svL3uiZf1RwhH+cWrfZn3A4+U58wbP0tGVTLQPbjplZxZ8ROD9VLuNgsRniTlLe7OlSqR79RUehXgpBW/s0IQw=="
    },
    "string": {
      "version": "3.3.3",
      "resolved": "https://registry.npmjs.org/string/-/string-3.3.3.tgz",
      "integrity": "sha1-XqIRzZLSKOGEKUmQpsyXs2anfLA="
    }
  }
}
